// !$*UTF8*$!
{
	archiveVersion = 1;
	classes = {
	};
	objectVersion = 50;
	objects = {

/* Begin PBXBuildFile section */
		005AB8262375F7C6007C1851 /* AppDelegate.swift in Sources */ = {isa = PBXBuildFile; fileRef = 005AB8252375F7C6007C1851 /* AppDelegate.swift */; };
		005AB8282375F7C6007C1851 /* SceneDelegate.swift in Sources */ = {isa = PBXBuildFile; fileRef = 005AB8272375F7C6007C1851 /* SceneDelegate.swift */; };
		005AB82A2375F7C6007C1851 /* ContentView.swift in Sources */ = {isa = PBXBuildFile; fileRef = 005AB8292375F7C6007C1851 /* ContentView.swift */; };
		005AB82C2375F7C8007C1851 /* Assets.xcassets in Resources */ = {isa = PBXBuildFile; fileRef = 005AB82B2375F7C8007C1851 /* Assets.xcassets */; };
		005AB82F2375F7C8007C1851 /* Preview Assets.xcassets in Resources */ = {isa = PBXBuildFile; fileRef = 005AB82E2375F7C8007C1851 /* Preview Assets.xcassets */; };
		005AB8322375F7C8007C1851 /* LaunchScreen.storyboard in Resources */ = {isa = PBXBuildFile; fileRef = 005AB8302375F7C8007C1851 /* LaunchScreen.storyboard */; };
		005AB83D2375F7C8007C1851 /* GitHubFinderTests.swift in Sources */ = {isa = PBXBuildFile; fileRef = 005AB83C2375F7C8007C1851 /* GitHubFinderTests.swift */; };
		005AB8552375F90B007C1851 /* API.framework in Frameworks */ = {isa = PBXBuildFile; fileRef = 005AB84C2375F90B007C1851 /* API.framework */; };
		005AB85C2375F90B007C1851 /* APITests.swift in Sources */ = {isa = PBXBuildFile; fileRef = 005AB85B2375F90B007C1851 /* APITests.swift */; };
		005AB85E2375F90B007C1851 /* API.h in Headers */ = {isa = PBXBuildFile; fileRef = 005AB84E2375F90B007C1851 /* API.h */; settings = {ATTRIBUTES = (Public, ); }; };
		005AB8612375F90B007C1851 /* API.framework in Frameworks */ = {isa = PBXBuildFile; fileRef = 005AB84C2375F90B007C1851 /* API.framework */; };
		005AB8622375F90B007C1851 /* API.framework in Embed Frameworks */ = {isa = PBXBuildFile; fileRef = 005AB84C2375F90B007C1851 /* API.framework */; settings = {ATTRIBUTES = (CodeSignOnCopy, RemoveHeadersOnCopy, ); }; };
		005AB86B2375FC68007C1851 /* Repository.swift in Sources */ = {isa = PBXBuildFile; fileRef = 005AB86A2375FC68007C1851 /* Repository.swift */; };
		005AB86D2375FD08007C1851 /* Connector.swift in Sources */ = {isa = PBXBuildFile; fileRef = 005AB86C2375FD08007C1851 /* Connector.swift */; };
/* End PBXBuildFile section */

/* Begin PBXContainerItemProxy section */
		005AB8392375F7C8007C1851 /* PBXContainerItemProxy */ = {
			isa = PBXContainerItemProxy;
			containerPortal = 005AB81A2375F7C6007C1851 /* Project object */;
			proxyType = 1;
			remoteGlobalIDString = 005AB8212375F7C6007C1851;
			remoteInfo = GitHubFinder;
		};
		005AB8562375F90B007C1851 /* PBXContainerItemProxy */ = {
			isa = PBXContainerItemProxy;
			containerPortal = 005AB81A2375F7C6007C1851 /* Project object */;
			proxyType = 1;
			remoteGlobalIDString = 005AB84B2375F90B007C1851;
			remoteInfo = API;
		};
		005AB8582375F90B007C1851 /* PBXContainerItemProxy */ = {
			isa = PBXContainerItemProxy;
			containerPortal = 005AB81A2375F7C6007C1851 /* Project object */;
			proxyType = 1;
			remoteGlobalIDString = 005AB8212375F7C6007C1851;
			remoteInfo = GitHubFinder;
		};
		005AB85F2375F90B007C1851 /* PBXContainerItemProxy */ = {
			isa = PBXContainerItemProxy;
			containerPortal = 005AB81A2375F7C6007C1851 /* Project object */;
			proxyType = 1;
			remoteGlobalIDString = 005AB84B2375F90B007C1851;
			remoteInfo = API;
		};
/* End PBXContainerItemProxy section */

/* Begin PBXCopyFilesBuildPhase section */
		005AB8662375F90B007C1851 /* Embed Frameworks */ = {
			isa = PBXCopyFilesBuildPhase;
			buildActionMask = 2147483647;
			dstPath = "";
			dstSubfolderSpec = 10;
			files = (
				005AB8622375F90B007C1851 /* API.framework in Embed Frameworks */,
			);
			name = "Embed Frameworks";
			runOnlyForDeploymentPostprocessing = 0;
		};
/* End PBXCopyFilesBuildPhase section */

/* Begin PBXFileReference section */
		005AB8222375F7C6007C1851 /* GitHubFinder.app */ = {isa = PBXFileReference; explicitFileType = wrapper.application; includeInIndex = 0; path = GitHubFinder.app; sourceTree = BUILT_PRODUCTS_DIR; };
		005AB8252375F7C6007C1851 /* AppDelegate.swift */ = {isa = PBXFileReference; lastKnownFileType = sourcecode.swift; path = AppDelegate.swift; sourceTree = "<group>"; };
		005AB8272375F7C6007C1851 /* SceneDelegate.swift */ = {isa = PBXFileReference; lastKnownFileType = sourcecode.swift; path = SceneDelegate.swift; sourceTree = "<group>"; };
		005AB8292375F7C6007C1851 /* ContentView.swift */ = {isa = PBXFileReference; lastKnownFileType = sourcecode.swift; path = ContentView.swift; sourceTree = "<group>"; };
		005AB82B2375F7C8007C1851 /* Assets.xcassets */ = {isa = PBXFileReference; lastKnownFileType = folder.assetcatalog; path = Assets.xcassets; sourceTree = "<group>"; };
		005AB82E2375F7C8007C1851 /* Preview Assets.xcassets */ = {isa = PBXFileReference; lastKnownFileType = folder.assetcatalog; path = "Preview Assets.xcassets"; sourceTree = "<group>"; };
		005AB8312375F7C8007C1851 /* Base */ = {isa = PBXFileReference; lastKnownFileType = file.storyboard; name = Base; path = Base.lproj/LaunchScreen.storyboard; sourceTree = "<group>"; };
		005AB8332375F7C8007C1851 /* Info.plist */ = {isa = PBXFileReference; lastKnownFileType = text.plist.xml; path = Info.plist; sourceTree = "<group>"; };
		005AB8382375F7C8007C1851 /* GitHubFinderTests.xctest */ = {isa = PBXFileReference; explicitFileType = wrapper.cfbundle; includeInIndex = 0; path = GitHubFinderTests.xctest; sourceTree = BUILT_PRODUCTS_DIR; };
		005AB83C2375F7C8007C1851 /* GitHubFinderTests.swift */ = {isa = PBXFileReference; lastKnownFileType = sourcecode.swift; path = GitHubFinderTests.swift; sourceTree = "<group>"; };
		005AB83E2375F7C8007C1851 /* Info.plist */ = {isa = PBXFileReference; lastKnownFileType = text.plist.xml; path = Info.plist; sourceTree = "<group>"; };
		005AB84C2375F90B007C1851 /* API.framework */ = {isa = PBXFileReference; explicitFileType = wrapper.framework; includeInIndex = 0; path = API.framework; sourceTree = BUILT_PRODUCTS_DIR; };
		005AB84E2375F90B007C1851 /* API.h */ = {isa = PBXFileReference; lastKnownFileType = sourcecode.c.h; path = API.h; sourceTree = "<group>"; };
		005AB84F2375F90B007C1851 /* Info.plist */ = {isa = PBXFileReference; lastKnownFileType = text.plist.xml; path = Info.plist; sourceTree = "<group>"; };
		005AB8542375F90B007C1851 /* APITests.xctest */ = {isa = PBXFileReference; explicitFileType = wrapper.cfbundle; includeInIndex = 0; path = APITests.xctest; sourceTree = BUILT_PRODUCTS_DIR; };
		005AB85B2375F90B007C1851 /* APITests.swift */ = {isa = PBXFileReference; lastKnownFileType = sourcecode.swift; path = APITests.swift; sourceTree = "<group>"; };
		005AB85D2375F90B007C1851 /* Info.plist */ = {isa = PBXFileReference; lastKnownFileType = text.plist.xml; path = Info.plist; sourceTree = "<group>"; };
		005AB86A2375FC68007C1851 /* Repository.swift */ = {isa = PBXFileReference; lastKnownFileType = sourcecode.swift; path = Repository.swift; sourceTree = "<group>"; };
		005AB86C2375FD08007C1851 /* Connector.swift */ = {isa = PBXFileReference; lastKnownFileType = sourcecode.swift; path = Connector.swift; sourceTree = "<group>"; };
/* End PBXFileReference section */

/* Begin PBXFrameworksBuildPhase section */
		005AB81F2375F7C6007C1851 /* Frameworks */ = {
			isa = PBXFrameworksBuildPhase;
			buildActionMask = 2147483647;
			files = (
				005AB8612375F90B007C1851 /* API.framework in Frameworks */,
			);
			runOnlyForDeploymentPostprocessing = 0;
		};
		005AB8352375F7C8007C1851 /* Frameworks */ = {
			isa = PBXFrameworksBuildPhase;
			buildActionMask = 2147483647;
			files = (
			);
			runOnlyForDeploymentPostprocessing = 0;
		};
		005AB8492375F90B007C1851 /* Frameworks */ = {
			isa = PBXFrameworksBuildPhase;
			buildActionMask = 2147483647;
			files = (
			);
			runOnlyForDeploymentPostprocessing = 0;
		};
		005AB8512375F90B007C1851 /* Frameworks */ = {
			isa = PBXFrameworksBuildPhase;
			buildActionMask = 2147483647;
			files = (
				005AB8552375F90B007C1851 /* API.framework in Frameworks */,
			);
			runOnlyForDeploymentPostprocessing = 0;
		};
/* End PBXFrameworksBuildPhase section */

/* Begin PBXGroup section */
		005AB8192375F7C6007C1851 = {
			isa = PBXGroup;
			children = (
				005AB8242375F7C6007C1851 /* GitHubFinder */,
				005AB83B2375F7C8007C1851 /* GitHubFinderTests */,
				005AB84D2375F90B007C1851 /* API */,
				005AB85A2375F90B007C1851 /* APITests */,
				005AB8232375F7C6007C1851 /* Products */,
			);
			sourceTree = "<group>";
		};
		005AB8232375F7C6007C1851 /* Products */ = {
			isa = PBXGroup;
			children = (
				005AB8222375F7C6007C1851 /* GitHubFinder.app */,
				005AB8382375F7C8007C1851 /* GitHubFinderTests.xctest */,
				005AB84C2375F90B007C1851 /* API.framework */,
				005AB8542375F90B007C1851 /* APITests.xctest */,
			);
			name = Products;
			sourceTree = "<group>";
		};
		005AB8242375F7C6007C1851 /* GitHubFinder */ = {
			isa = PBXGroup;
			children = (
				005AB8252375F7C6007C1851 /* AppDelegate.swift */,
				005AB8272375F7C6007C1851 /* SceneDelegate.swift */,
				005AB8292375F7C6007C1851 /* ContentView.swift */,
				005AB82B2375F7C8007C1851 /* Assets.xcassets */,
				005AB8302375F7C8007C1851 /* LaunchScreen.storyboard */,
				005AB8332375F7C8007C1851 /* Info.plist */,
				005AB82D2375F7C8007C1851 /* Preview Content */,
			);
			path = GitHubFinder;
			sourceTree = "<group>";
		};
		005AB82D2375F7C8007C1851 /* Preview Content */ = {
			isa = PBXGroup;
			children = (
				005AB82E2375F7C8007C1851 /* Preview Assets.xcassets */,
			);
			path = "Preview Content";
			sourceTree = "<group>";
		};
		005AB83B2375F7C8007C1851 /* GitHubFinderTests */ = {
			isa = PBXGroup;
			children = (
				005AB83C2375F7C8007C1851 /* GitHubFinderTests.swift */,
				005AB83E2375F7C8007C1851 /* Info.plist */,
			);
			path = GitHubFinderTests;
			sourceTree = "<group>";
		};
		005AB84D2375F90B007C1851 /* API */ = {
			isa = PBXGroup;
			children = (
				005AB84E2375F90B007C1851 /* API.h */,
				005AB84F2375F90B007C1851 /* Info.plist */,
				005AB86A2375FC68007C1851 /* Repository.swift */,
				005AB86C2375FD08007C1851 /* Connector.swift */,
			);
			path = API;
			sourceTree = "<group>";
		};
		005AB85A2375F90B007C1851 /* APITests */ = {
			isa = PBXGroup;
			children = (
				005AB85B2375F90B007C1851 /* APITests.swift */,
				005AB85D2375F90B007C1851 /* Info.plist */,
			);
			path = APITests;
			sourceTree = "<group>";
		};
/* End PBXGroup section */

/* Begin PBXHeadersBuildPhase section */
		005AB8472375F90B007C1851 /* Headers */ = {
			isa = PBXHeadersBuildPhase;
			buildActionMask = 2147483647;
			files = (
				005AB85E2375F90B007C1851 /* API.h in Headers */,
			);
			runOnlyForDeploymentPostprocessing = 0;
		};
/* End PBXHeadersBuildPhase section */

/* Begin PBXNativeTarget section */
		005AB8212375F7C6007C1851 /* GitHubFinder */ = {
			isa = PBXNativeTarget;
			buildConfigurationList = 005AB8412375F7C8007C1851 /* Build configuration list for PBXNativeTarget "GitHubFinder" */;
			buildPhases = (
				005AB81E2375F7C6007C1851 /* Sources */,
				005AB81F2375F7C6007C1851 /* Frameworks */,
				005AB8202375F7C6007C1851 /* Resources */,
				005AB8662375F90B007C1851 /* Embed Frameworks */,
			);
			buildRules = (
			);
			dependencies = (
				005AB8602375F90B007C1851 /* PBXTargetDependency */,
			);
			name = GitHubFinder;
			productName = GitHubFinder;
			productReference = 005AB8222375F7C6007C1851 /* GitHubFinder.app */;
			productType = "com.apple.product-type.application";
		};
		005AB8372375F7C8007C1851 /* GitHubFinderTests */ = {
			isa = PBXNativeTarget;
			buildConfigurationList = 005AB8442375F7C8007C1851 /* Build configuration list for PBXNativeTarget "GitHubFinderTests" */;
			buildPhases = (
				005AB8342375F7C8007C1851 /* Sources */,
				005AB8352375F7C8007C1851 /* Frameworks */,
				005AB8362375F7C8007C1851 /* Resources */,
			);
			buildRules = (
			);
			dependencies = (
				005AB83A2375F7C8007C1851 /* PBXTargetDependency */,
			);
			name = GitHubFinderTests;
			productName = GitHubFinderTests;
			productReference = 005AB8382375F7C8007C1851 /* GitHubFinderTests.xctest */;
			productType = "com.apple.product-type.bundle.unit-test";
		};
		005AB84B2375F90B007C1851 /* API */ = {
			isa = PBXNativeTarget;
			buildConfigurationList = 005AB8632375F90B007C1851 /* Build configuration list for PBXNativeTarget "API" */;
			buildPhases = (
				005AB8472375F90B007C1851 /* Headers */,
				005AB8482375F90B007C1851 /* Sources */,
				005AB8492375F90B007C1851 /* Frameworks */,
				005AB84A2375F90B007C1851 /* Resources */,
			);
			buildRules = (
			);
			dependencies = (
			);
			name = API;
			productName = API;
			productReference = 005AB84C2375F90B007C1851 /* API.framework */;
			productType = "com.apple.product-type.framework";
		};
		005AB8532375F90B007C1851 /* APITests */ = {
			isa = PBXNativeTarget;
			buildConfigurationList = 005AB8672375F90B007C1851 /* Build configuration list for PBXNativeTarget "APITests" */;
			buildPhases = (
				005AB8502375F90B007C1851 /* Sources */,
				005AB8512375F90B007C1851 /* Frameworks */,
				005AB8522375F90B007C1851 /* Resources */,
			);
			buildRules = (
			);
			dependencies = (
				005AB8572375F90B007C1851 /* PBXTargetDependency */,
				005AB8592375F90B007C1851 /* PBXTargetDependency */,
			);
			name = APITests;
			productName = APITests;
			productReference = 005AB8542375F90B007C1851 /* APITests.xctest */;
			productType = "com.apple.product-type.bundle.unit-test";
		};
/* End PBXNativeTarget section */

/* Begin PBXProject section */
		005AB81A2375F7C6007C1851 /* Project object */ = {
			isa = PBXProject;
			attributes = {
				LastSwiftUpdateCheck = 1120;
				LastUpgradeCheck = 1120;
				ORGANIZATIONNAME = "Kristijan Delivuk";
				TargetAttributes = {
					005AB8212375F7C6007C1851 = {
						CreatedOnToolsVersion = 11.2;
					};
					005AB8372375F7C8007C1851 = {
						CreatedOnToolsVersion = 11.2;
						TestTargetID = 005AB8212375F7C6007C1851;
					};
					005AB84B2375F90B007C1851 = {
						CreatedOnToolsVersion = 11.2;
						LastSwiftMigration = 1120;
					};
					005AB8532375F90B007C1851 = {
						CreatedOnToolsVersion = 11.2;
						TestTargetID = 005AB8212375F7C6007C1851;
					};
				};
			};
			buildConfigurationList = 005AB81D2375F7C6007C1851 /* Build configuration list for PBXProject "GitHubFinder" */;
			compatibilityVersion = "Xcode 9.3";
			developmentRegion = en;
			hasScannedForEncodings = 0;
			knownRegions = (
				en,
				Base,
			);
			mainGroup = 005AB8192375F7C6007C1851;
			productRefGroup = 005AB8232375F7C6007C1851 /* Products */;
			projectDirPath = "";
			projectRoot = "";
			targets = (
				005AB8212375F7C6007C1851 /* GitHubFinder */,
				005AB8372375F7C8007C1851 /* GitHubFinderTests */,
				005AB84B2375F90B007C1851 /* API */,
				005AB8532375F90B007C1851 /* APITests */,
			);
		};
/* End PBXProject section */

/* Begin PBXResourcesBuildPhase section */
		005AB8202375F7C6007C1851 /* Resources */ = {
			isa = PBXResourcesBuildPhase;
			buildActionMask = 2147483647;
			files = (
				005AB8322375F7C8007C1851 /* LaunchScreen.storyboard in Resources */,
				005AB82F2375F7C8007C1851 /* Preview Assets.xcassets in Resources */,
				005AB82C2375F7C8007C1851 /* Assets.xcassets in Resources */,
			);
			runOnlyForDeploymentPostprocessing = 0;
		};
		005AB8362375F7C8007C1851 /* Resources */ = {
			isa = PBXResourcesBuildPhase;
			buildActionMask = 2147483647;
			files = (
			);
			runOnlyForDeploymentPostprocessing = 0;
		};
		005AB84A2375F90B007C1851 /* Resources */ = {
			isa = PBXResourcesBuildPhase;
			buildActionMask = 2147483647;
			files = (
			);
			runOnlyForDeploymentPostprocessing = 0;
		};
		005AB8522375F90B007C1851 /* Resources */ = {
			isa = PBXResourcesBuildPhase;
			buildActionMask = 2147483647;
			files = (
			);
			runOnlyForDeploymentPostprocessing = 0;
		};
/* End PBXResourcesBuildPhase section */

/* Begin PBXSourcesBuildPhase section */
		005AB81E2375F7C6007C1851 /* Sources */ = {
			isa = PBXSourcesBuildPhase;
			buildActionMask = 2147483647;
			files = (
				005AB8262375F7C6007C1851 /* AppDelegate.swift in Sources */,
				005AB8282375F7C6007C1851 /* SceneDelegate.swift in Sources */,
				005AB82A2375F7C6007C1851 /* ContentView.swift in Sources */,
			);
			runOnlyForDeploymentPostprocessing = 0;
		};
		005AB8342375F7C8007C1851 /* Sources */ = {
			isa = PBXSourcesBuildPhase;
			buildActionMask = 2147483647;
			files = (
				005AB83D2375F7C8007C1851 /* GitHubFinderTests.swift in Sources */,
			);
			runOnlyForDeploymentPostprocessing = 0;
		};
		005AB8482375F90B007C1851 /* Sources */ = {
			isa = PBXSourcesBuildPhase;
			buildActionMask = 2147483647;
			files = (
				005AB86D2375FD08007C1851 /* Connector.swift in Sources */,
				005AB86B2375FC68007C1851 /* Repository.swift in Sources */,
			);
			runOnlyForDeploymentPostprocessing = 0;
		};
		005AB8502375F90B007C1851 /* Sources */ = {
			isa = PBXSourcesBuildPhase;
			buildActionMask = 2147483647;
			files = (
				005AB85C2375F90B007C1851 /* APITests.swift in Sources */,
			);
			runOnlyForDeploymentPostprocessing = 0;
		};
/* End PBXSourcesBuildPhase section */

/* Begin PBXTargetDependency section */
		005AB83A2375F7C8007C1851 /* PBXTargetDependency */ = {
			isa = PBXTargetDependency;
			target = 005AB8212375F7C6007C1851 /* GitHubFinder */;
			targetProxy = 005AB8392375F7C8007C1851 /* PBXContainerItemProxy */;
		};
		005AB8572375F90B007C1851 /* PBXTargetDependency */ = {
			isa = PBXTargetDependency;
			target = 005AB84B2375F90B007C1851 /* API */;
			targetProxy = 005AB8562375F90B007C1851 /* PBXContainerItemProxy */;
		};
		005AB8592375F90B007C1851 /* PBXTargetDependency */ = {
			isa = PBXTargetDependency;
			target = 005AB8212375F7C6007C1851 /* GitHubFinder */;
			targetProxy = 005AB8582375F90B007C1851 /* PBXContainerItemProxy */;
		};
		005AB8602375F90B007C1851 /* PBXTargetDependency */ = {
			isa = PBXTargetDependency;
			target = 005AB84B2375F90B007C1851 /* API */;
			targetProxy = 005AB85F2375F90B007C1851 /* PBXContainerItemProxy */;
		};
/* End PBXTargetDependency section */

/* Begin PBXVariantGroup section */
		005AB8302375F7C8007C1851 /* LaunchScreen.storyboard */ = {
			isa = PBXVariantGroup;
			children = (
				005AB8312375F7C8007C1851 /* Base */,
			);
			name = LaunchScreen.storyboard;
			sourceTree = "<group>";
		};
/* End PBXVariantGroup section */

/* Begin XCBuildConfiguration section */
		005AB83F2375F7C8007C1851 /* Debug */ = {
			isa = XCBuildConfiguration;
			buildSettings = {
				ALWAYS_SEARCH_USER_PATHS = NO;
				CLANG_ANALYZER_NONNULL = YES;
				CLANG_ANALYZER_NUMBER_OBJECT_CONVERSION = YES_AGGRESSIVE;
				CLANG_CXX_LANGUAGE_STANDARD = "gnu++14";
				CLANG_CXX_LIBRARY = "libc++";
				CLANG_ENABLE_MODULES = YES;
				CLANG_ENABLE_OBJC_ARC = YES;
				CLANG_ENABLE_OBJC_WEAK = YES;
				CLANG_WARN_BLOCK_CAPTURE_AUTORELEASING = YES;
				CLANG_WARN_BOOL_CONVERSION = YES;
				CLANG_WARN_COMMA = YES;
				CLANG_WARN_CONSTANT_CONVERSION = YES;
				CLANG_WARN_DEPRECATED_OBJC_IMPLEMENTATIONS = YES;
				CLANG_WARN_DIRECT_OBJC_ISA_USAGE = YES_ERROR;
				CLANG_WARN_DOCUMENTATION_COMMENTS = YES;
				CLANG_WARN_EMPTY_BODY = YES;
				CLANG_WARN_ENUM_CONVERSION = YES;
				CLANG_WARN_INFINITE_RECURSION = YES;
				CLANG_WARN_INT_CONVERSION = YES;
				CLANG_WARN_NON_LITERAL_NULL_CONVERSION = YES;
				CLANG_WARN_OBJC_IMPLICIT_RETAIN_SELF = YES;
				CLANG_WARN_OBJC_LITERAL_CONVERSION = YES;
				CLANG_WARN_OBJC_ROOT_CLASS = YES_ERROR;
				CLANG_WARN_RANGE_LOOP_ANALYSIS = YES;
				CLANG_WARN_STRICT_PROTOTYPES = YES;
				CLANG_WARN_SUSPICIOUS_MOVE = YES;
				CLANG_WARN_UNGUARDED_AVAILABILITY = YES_AGGRESSIVE;
				CLANG_WARN_UNREACHABLE_CODE = YES;
				CLANG_WARN__DUPLICATE_METHOD_MATCH = YES;
				COPY_PHASE_STRIP = NO;
				DEBUG_INFORMATION_FORMAT = dwarf;
				ENABLE_STRICT_OBJC_MSGSEND = YES;
				ENABLE_TESTABILITY = YES;
				GCC_C_LANGUAGE_STANDARD = gnu11;
				GCC_DYNAMIC_NO_PIC = NO;
				GCC_NO_COMMON_BLOCKS = YES;
				GCC_OPTIMIZATION_LEVEL = 0;
				GCC_PREPROCESSOR_DEFINITIONS = (
					"DEBUG=1",
					"$(inherited)",
				);
				GCC_WARN_64_TO_32_BIT_CONVERSION = YES;
				GCC_WARN_ABOUT_RETURN_TYPE = YES_ERROR;
				GCC_WARN_UNDECLARED_SELECTOR = YES;
				GCC_WARN_UNINITIALIZED_AUTOS = YES_AGGRESSIVE;
				GCC_WARN_UNUSED_FUNCTION = YES;
				GCC_WARN_UNUSED_VARIABLE = YES;
				IPHONEOS_DEPLOYMENT_TARGET = 13.2;
				MTL_ENABLE_DEBUG_INFO = INCLUDE_SOURCE;
				MTL_FAST_MATH = YES;
				ONLY_ACTIVE_ARCH = YES;
				SDKROOT = iphoneos;
				SWIFT_ACTIVE_COMPILATION_CONDITIONS = DEBUG;
				SWIFT_OPTIMIZATION_LEVEL = "-Onone";
			};
			name = Debug;
		};
		005AB8402375F7C8007C1851 /* Release */ = {
			isa = XCBuildConfiguration;
			buildSettings = {
				ALWAYS_SEARCH_USER_PATHS = NO;
				CLANG_ANALYZER_NONNULL = YES;
				CLANG_ANALYZER_NUMBER_OBJECT_CONVERSION = YES_AGGRESSIVE;
				CLANG_CXX_LANGUAGE_STANDARD = "gnu++14";
				CLANG_CXX_LIBRARY = "libc++";
				CLANG_ENABLE_MODULES = YES;
				CLANG_ENABLE_OBJC_ARC = YES;
				CLANG_ENABLE_OBJC_WEAK = YES;
				CLANG_WARN_BLOCK_CAPTURE_AUTORELEASING = YES;
				CLANG_WARN_BOOL_CONVERSION = YES;
				CLANG_WARN_COMMA = YES;
				CLANG_WARN_CONSTANT_CONVERSION = YES;
				CLANG_WARN_DEPRECATED_OBJC_IMPLEMENTATIONS = YES;
				CLANG_WARN_DIRECT_OBJC_ISA_USAGE = YES_ERROR;
				CLANG_WARN_DOCUMENTATION_COMMENTS = YES;
				CLANG_WARN_EMPTY_BODY = YES;
				CLANG_WARN_ENUM_CONVERSION = YES;
				CLANG_WARN_INFINITE_RECURSION = YES;
				CLANG_WARN_INT_CONVERSION = YES;
				CLANG_WARN_NON_LITERAL_NULL_CONVERSION = YES;
				CLANG_WARN_OBJC_IMPLICIT_RETAIN_SELF = YES;
				CLANG_WARN_OBJC_LITERAL_CONVERSION = YES;
				CLANG_WARN_OBJC_ROOT_CLASS = YES_ERROR;
				CLANG_WARN_RANGE_LOOP_ANALYSIS = YES;
				CLANG_WARN_STRICT_PROTOTYPES = YES;
				CLANG_WARN_SUSPICIOUS_MOVE = YES;
				CLANG_WARN_UNGUARDED_AVAILABILITY = YES_AGGRESSIVE;
				CLANG_WARN_UNREACHABLE_CODE = YES;
				CLANG_WARN__DUPLICATE_METHOD_MATCH = YES;
				COPY_PHASE_STRIP = NO;
				DEBUG_INFORMATION_FORMAT = "dwarf-with-dsym";
				ENABLE_NS_ASSERTIONS = NO;
				ENABLE_STRICT_OBJC_MSGSEND = YES;
				GCC_C_LANGUAGE_STANDARD = gnu11;
				GCC_NO_COMMON_BLOCKS = YES;
				GCC_WARN_64_TO_32_BIT_CONVERSION = YES;
				GCC_WARN_ABOUT_RETURN_TYPE = YES_ERROR;
				GCC_WARN_UNDECLARED_SELECTOR = YES;
				GCC_WARN_UNINITIALIZED_AUTOS = YES_AGGRESSIVE;
				GCC_WARN_UNUSED_FUNCTION = YES;
				GCC_WARN_UNUSED_VARIABLE = YES;
				IPHONEOS_DEPLOYMENT_TARGET = 13.2;
				MTL_ENABLE_DEBUG_INFO = NO;
				MTL_FAST_MATH = YES;
				SDKROOT = iphoneos;
				SWIFT_COMPILATION_MODE = wholemodule;
				SWIFT_OPTIMIZATION_LEVEL = "-O";
				VALIDATE_PRODUCT = YES;
			};
			name = Release;
		};
		005AB8422375F7C8007C1851 /* Debug */ = {
			isa = XCBuildConfiguration;
			buildSettings = {
				ALWAYS_EMBED_SWIFT_STANDARD_LIBRARIES = YES;
				ASSETCATALOG_COMPILER_APPICON_NAME = AppIcon;
				CODE_SIGN_STYLE = Automatic;
				DEVELOPMENT_ASSET_PATHS = "\"GitHubFinder/Preview Content\"";
				ENABLE_PREVIEWS = YES;
				INFOPLIST_FILE = GitHubFinder/Info.plist;
				LD_RUNPATH_SEARCH_PATHS = (
					"$(inherited)",
					"@executable_path/Frameworks",
				);
				PRODUCT_BUNDLE_IDENTIFIER = delivuk.kristijan.GitHubFinder;
				PRODUCT_NAME = "$(TARGET_NAME)";
				SWIFT_VERSION = 5.0;
				TARGETED_DEVICE_FAMILY = "1,2";
			};
			name = Debug;
		};
		005AB8432375F7C8007C1851 /* Release */ = {
			isa = XCBuildConfiguration;
			buildSettings = {
				ALWAYS_EMBED_SWIFT_STANDARD_LIBRARIES = YES;
				ASSETCATALOG_COMPILER_APPICON_NAME = AppIcon;
				CODE_SIGN_STYLE = Automatic;
				DEVELOPMENT_ASSET_PATHS = "\"GitHubFinder/Preview Content\"";
				ENABLE_PREVIEWS = YES;
				INFOPLIST_FILE = GitHubFinder/Info.plist;
				LD_RUNPATH_SEARCH_PATHS = (
					"$(inherited)",
					"@executable_path/Frameworks",
				);
				PRODUCT_BUNDLE_IDENTIFIER = delivuk.kristijan.GitHubFinder;
				PRODUCT_NAME = "$(TARGET_NAME)";
				SWIFT_VERSION = 5.0;
				TARGETED_DEVICE_FAMILY = "1,2";
			};
			name = Release;
		};
		005AB8452375F7C8007C1851 /* Debug */ = {
			isa = XCBuildConfiguration;
			buildSettings = {
				ALWAYS_EMBED_SWIFT_STANDARD_LIBRARIES = YES;
				BUNDLE_LOADER = "$(TEST_HOST)";
				CODE_SIGN_STYLE = Automatic;
				INFOPLIST_FILE = GitHubFinderTests/Info.plist;
				IPHONEOS_DEPLOYMENT_TARGET = 13.2;
				LD_RUNPATH_SEARCH_PATHS = (
					"$(inherited)",
					"@executable_path/Frameworks",
					"@loader_path/Frameworks",
				);
				PRODUCT_BUNDLE_IDENTIFIER = delivuk.kristijan.GitHubFinderTests;
				PRODUCT_NAME = "$(TARGET_NAME)";
				SWIFT_VERSION = 5.0;
				TARGETED_DEVICE_FAMILY = "1,2";
				TEST_HOST = "$(BUILT_PRODUCTS_DIR)/GitHubFinder.app/GitHubFinder";
			};
			name = Debug;
		};
		005AB8462375F7C8007C1851 /* Release */ = {
			isa = XCBuildConfiguration;
			buildSettings = {
				ALWAYS_EMBED_SWIFT_STANDARD_LIBRARIES = YES;
				BUNDLE_LOADER = "$(TEST_HOST)";
				CODE_SIGN_STYLE = Automatic;
				INFOPLIST_FILE = GitHubFinderTests/Info.plist;
				IPHONEOS_DEPLOYMENT_TARGET = 13.2;
				LD_RUNPATH_SEARCH_PATHS = (
					"$(inherited)",
					"@executable_path/Frameworks",
					"@loader_path/Frameworks",
				);
				PRODUCT_BUNDLE_IDENTIFIER = delivuk.kristijan.GitHubFinderTests;
				PRODUCT_NAME = "$(TARGET_NAME)";
				SWIFT_VERSION = 5.0;
				TARGETED_DEVICE_FAMILY = "1,2";
				TEST_HOST = "$(BUILT_PRODUCTS_DIR)/GitHubFinder.app/GitHubFinder";
			};
			name = Release;
		};
		005AB8642375F90B007C1851 /* Debug */ = {
			isa = XCBuildConfiguration;
			buildSettings = {
				CLANG_ENABLE_MODULES = YES;
				CODE_SIGN_STYLE = Automatic;
				CURRENT_PROJECT_VERSION = 1;
				DEFINES_MODULE = YES;
				DYLIB_COMPATIBILITY_VERSION = 1;
				DYLIB_CURRENT_VERSION = 1;
				DYLIB_INSTALL_NAME_BASE = "@rpath";
				INFOPLIST_FILE = API/Info.plist;
				INSTALL_PATH = "$(LOCAL_LIBRARY_DIR)/Frameworks";
				LD_RUNPATH_SEARCH_PATHS = (
					"$(inherited)",
					"@executable_path/Frameworks",
					"@loader_path/Frameworks",
				);
				PRODUCT_BUNDLE_IDENTIFIER = delivuk.kristijan.API;
				PRODUCT_NAME = "$(TARGET_NAME:c99extidentifier)";
				SKIP_INSTALL = YES;
				SWIFT_OPTIMIZATION_LEVEL = "-Onone";
				SWIFT_VERSION = 5.0;
				TARGETED_DEVICE_FAMILY = "1,2";
				VERSIONING_SYSTEM = "apple-generic";
				VERSION_INFO_PREFIX = "";
			};
			name = Debug;
		};
		005AB8652375F90B007C1851 /* Release */ = {
			isa = XCBuildConfiguration;
			buildSettings = {
				CLANG_ENABLE_MODULES = YES;
				CODE_SIGN_STYLE = Automatic;
				CURRENT_PROJECT_VERSION = 1;
				DEFINES_MODULE = YES;
				DYLIB_COMPATIBILITY_VERSION = 1;
				DYLIB_CURRENT_VERSION = 1;
				DYLIB_INSTALL_NAME_BASE = "@rpath";
				INFOPLIST_FILE = API/Info.plist;
				INSTALL_PATH = "$(LOCAL_LIBRARY_DIR)/Frameworks";
				LD_RUNPATH_SEARCH_PATHS = (
					"$(inherited)",
					"@executable_path/Frameworks",
					"@loader_path/Frameworks",
				);
				PRODUCT_BUNDLE_IDENTIFIER = delivuk.kristijan.API;
				PRODUCT_NAME = "$(TARGET_NAME:c99extidentifier)";
				SKIP_INSTALL = YES;
				SWIFT_VERSION = 5.0;
				TARGETED_DEVICE_FAMILY = "1,2";
				VERSIONING_SYSTEM = "apple-generic";
				VERSION_INFO_PREFIX = "";
			};
			name = Release;
		};
		005AB8682375F90B007C1851 /* Debug */ = {
			isa = XCBuildConfiguration;
			buildSettings = {
				ALWAYS_EMBED_SWIFT_STANDARD_LIBRARIES = YES;
				CODE_SIGN_STYLE = Automatic;
				INFOPLIST_FILE = APITests/Info.plist;
				LD_RUNPATH_SEARCH_PATHS = (
					"$(inherited)",
					"@executable_path/Frameworks",
					"@loader_path/Frameworks",
				);
				PRODUCT_BUNDLE_IDENTIFIER = delivuk.kristijan.APITests;
				PRODUCT_NAME = "$(TARGET_NAME)";
				SWIFT_VERSION = 5.0;
				TARGETED_DEVICE_FAMILY = "1,2";
				TEST_HOST = "$(BUILT_PRODUCTS_DIR)/GitHubFinder.app/GitHubFinder";
			};
			name = Debug;
		};
		005AB8692375F90B007C1851 /* Release */ = {
			isa = XCBuildConfiguration;
			buildSettings = {
				ALWAYS_EMBED_SWIFT_STANDARD_LIBRARIES = YES;
				CODE_SIGN_STYLE = Automatic;
				INFOPLIST_FILE = APITests/Info.plist;
				LD_RUNPATH_SEARCH_PATHS = (
					"$(inherited)",
					"@executable_path/Frameworks",
					"@loader_path/Frameworks",
				);
				PRODUCT_BUNDLE_IDENTIFIER = delivuk.kristijan.APITests;
				PRODUCT_NAME = "$(TARGET_NAME)";
				SWIFT_VERSION = 5.0;
				TARGETED_DEVICE_FAMILY = "1,2";
				TEST_HOST = "$(BUILT_PRODUCTS_DIR)/GitHubFinder.app/GitHubFinder";
			};
			name = Release;
		};
/* End XCBuildConfiguration section */

/* Begin XCConfigurationList section */
		005AB81D2375F7C6007C1851 /* Build configuration list for PBXProject "GitHubFinder" */ = {
			isa = XCConfigurationList;
			buildConfigurations = (
				005AB83F2375F7C8007C1851 /* Debug */,
				005AB8402375F7C8007C1851 /* Release */,
			);
			defaultConfigurationIsVisible = 0;
			defaultConfigurationName = Release;
		};
		005AB8412375F7C8007C1851 /* Build configuration list for PBXNativeTarget "GitHubFinder" */ = {
			isa = XCConfigurationList;
			buildConfigurations = (
				005AB8422375F7C8007C1851 /* Debug */,
				005AB8432375F7C8007C1851 /* Release */,
			);
			defaultConfigurationIsVisible = 0;
			defaultConfigurationName = Release;
		};
		005AB8442375F7C8007C1851 /* Build configuration list for PBXNativeTarget "GitHubFinderTests" */ = {
			isa = XCConfigurationList;
			buildConfigurations = (
				005AB8452375F7C8007C1851 /* Debug */,
				005AB8462375F7C8007C1851 /* Release */,
			);
			defaultConfigurationIsVisible = 0;
			defaultConfigurationName = Release;
		};
		005AB8632375F90B007C1851 /* Build configuration list for PBXNativeTarget "API" */ = {
			isa = XCConfigurationList;
			buildConfigurations = (
				005AB8642375F90B007C1851 /* Debug */,
				005AB8652375F90B007C1851 /* Release */,
			);
			defaultConfigurationIsVisible = 0;
			defaultConfigurationName = Release;
		};
		005AB8672375F90B007C1851 /* Build configuration list for PBXNativeTarget "APITests" */ = {
			isa = XCConfigurationList;
			buildConfigurations = (
				005AB8682375F90B007C1851 /* Debug */,
				005AB8692375F90B007C1851 /* Release */,
			);
			defaultConfigurationIsVisible = 0;
			defaultConfigurationName = Release;
		};
/* End XCConfigurationList section */
	};
	rootObject = 005AB81A2375F7C6007C1851 /* Project object */;
}
